// !$*UTF8*$!
{
	archiveVersion = 1;
	classes = {
	};
	objectVersion = 56;
	objects = {

/* Begin PBXBuildFile section */
		5B0873002B4DD99000C0379B /* OperationIconView.swift in Sources */ = {isa = PBXBuildFile; fileRef = 5B0872FF2B4DD99000C0379B /* OperationIconView.swift */; };
		5B3EB1D02B46FFB90036C54A /* SpotifyApi.swift in Sources */ = {isa = PBXBuildFile; fileRef = 5B3EB1CF2B46FFB90036C54A /* SpotifyApi.swift */; };
		5B3EB1D22B47056A0036C54A /* NetworkError.swift in Sources */ = {isa = PBXBuildFile; fileRef = 5B3EB1D12B47056A0036C54A /* NetworkError.swift */; };
		5B3EB1D42B4C81DF0036C54A /* MenuView.swift in Sources */ = {isa = PBXBuildFile; fileRef = 5B3EB1D32B4C81DF0036C54A /* MenuView.swift */; };
		5B3EB1D62B4C83A00036C54A /* DataPresentationView.swift in Sources */ = {isa = PBXBuildFile; fileRef = 5B3EB1D52B4C83A00036C54A /* DataPresentationView.swift */; };
		5B6CAEBA2B32EA910092C8A4 /* BeatMotionApp.swift in Sources */ = {isa = PBXBuildFile; fileRef = 5B6CAEB92B32EA910092C8A4 /* BeatMotionApp.swift */; };
		5B6CAEBC2B32EA910092C8A4 /* ContentView.swift in Sources */ = {isa = PBXBuildFile; fileRef = 5B6CAEBB2B32EA910092C8A4 /* ContentView.swift */; };
		5B6CAEBE2B32EA920092C8A4 /* Assets.xcassets in Resources */ = {isa = PBXBuildFile; fileRef = 5B6CAEBD2B32EA920092C8A4 /* Assets.xcassets */; };
		5B6CAEC12B32EA920092C8A4 /* Preview Assets.xcassets in Resources */ = {isa = PBXBuildFile; fileRef = 5B6CAEC02B32EA920092C8A4 /* Preview Assets.xcassets */; };
		5B909FB22B44BA0400D07B58 /* SpotifyAuth.swift in Sources */ = {isa = PBXBuildFile; fileRef = 5B909FB12B44BA0400D07B58 /* SpotifyAuth.swift */; };
		5B909FB42B44BBA400D07B58 /* SpotifyConstants.swift in Sources */ = {isa = PBXBuildFile; fileRef = 5B909FB32B44BBA400D07B58 /* SpotifyConstants.swift */; };
		5B909FB62B44C15E00D07B58 /* ViewModelBM.swift in Sources */ = {isa = PBXBuildFile; fileRef = 5B909FB52B44C15E00D07B58 /* ViewModelBM.swift */; };
		5B909FB82B44C1C800D07B58 /* ModelBM.swift in Sources */ = {isa = PBXBuildFile; fileRef = 5B909FB72B44C1C800D07B58 /* ModelBM.swift */; };
		85A9711A2B4AF8D8000AF1E5 /* WorkoutManager.swift in Sources */ = {isa = PBXBuildFile; fileRef = 85A971192B4AF8D8000AF1E5 /* WorkoutManager.swift */; };
/* End PBXBuildFile section */

/* Begin PBXFileReference section */
		5B0872FF2B4DD99000C0379B /* OperationIconView.swift */ = {isa = PBXFileReference; lastKnownFileType = sourcecode.swift; path = OperationIconView.swift; sourceTree = "<group>"; };
		5B3EB1CF2B46FFB90036C54A /* SpotifyApi.swift */ = {isa = PBXFileReference; lastKnownFileType = sourcecode.swift; path = SpotifyApi.swift; sourceTree = "<group>"; };
		5B3EB1D12B47056A0036C54A /* NetworkError.swift */ = {isa = PBXFileReference; lastKnownFileType = sourcecode.swift; path = NetworkError.swift; sourceTree = "<group>"; };
		5B3EB1D32B4C81DF0036C54A /* MenuView.swift */ = {isa = PBXFileReference; lastKnownFileType = sourcecode.swift; path = MenuView.swift; sourceTree = "<group>"; };
		5B3EB1D52B4C83A00036C54A /* DataPresentationView.swift */ = {isa = PBXFileReference; lastKnownFileType = sourcecode.swift; path = DataPresentationView.swift; sourceTree = "<group>"; };
		5B6CAEB62B32EA910092C8A4 /* BeatMotion.app */ = {isa = PBXFileReference; explicitFileType = wrapper.application; includeInIndex = 0; path = BeatMotion.app; sourceTree = BUILT_PRODUCTS_DIR; };
		5B6CAEB92B32EA910092C8A4 /* BeatMotionApp.swift */ = {isa = PBXFileReference; lastKnownFileType = sourcecode.swift; path = BeatMotionApp.swift; sourceTree = "<group>"; };
		5B6CAEBB2B32EA910092C8A4 /* ContentView.swift */ = {isa = PBXFileReference; lastKnownFileType = sourcecode.swift; path = ContentView.swift; sourceTree = "<group>"; };
		5B6CAEBD2B32EA920092C8A4 /* Assets.xcassets */ = {isa = PBXFileReference; lastKnownFileType = folder.assetcatalog; path = Assets.xcassets; sourceTree = "<group>"; };
		5B6CAEC02B32EA920092C8A4 /* Preview Assets.xcassets */ = {isa = PBXFileReference; lastKnownFileType = folder.assetcatalog; path = "Preview Assets.xcassets"; sourceTree = "<group>"; };
		5B909FB12B44BA0400D07B58 /* SpotifyAuth.swift */ = {isa = PBXFileReference; lastKnownFileType = sourcecode.swift; path = SpotifyAuth.swift; sourceTree = "<group>"; };
		5B909FB32B44BBA400D07B58 /* SpotifyConstants.swift */ = {isa = PBXFileReference; lastKnownFileType = sourcecode.swift; path = SpotifyConstants.swift; sourceTree = "<group>"; };
		5B909FB52B44C15E00D07B58 /* ViewModelBM.swift */ = {isa = PBXFileReference; lastKnownFileType = sourcecode.swift; path = ViewModelBM.swift; sourceTree = "<group>"; };
		5B909FB72B44C1C800D07B58 /* ModelBM.swift */ = {isa = PBXFileReference; lastKnownFileType = sourcecode.swift; path = ModelBM.swift; sourceTree = "<group>"; };
		5B909FD52B45AE2B00D07B58 /* Info.plist */ = {isa = PBXFileReference; lastKnownFileType = text.plist; path = Info.plist; sourceTree = "<group>"; };
		85A971192B4AF8D8000AF1E5 /* WorkoutManager.swift */ = {isa = PBXFileReference; lastKnownFileType = sourcecode.swift; path = WorkoutManager.swift; sourceTree = "<group>"; };
/* End PBXFileReference section */

/* Begin PBXFrameworksBuildPhase section */
		5B6CAEB32B32EA910092C8A4 /* Frameworks */ = {
			isa = PBXFrameworksBuildPhase;
			buildActionMask = 2147483647;
			files = (
			);
			runOnlyForDeploymentPostprocessing = 0;
		};
/* End PBXFrameworksBuildPhase section */

/* Begin PBXGroup section */
		5B6CAEAD2B32EA910092C8A4 = {
			isa = PBXGroup;
			children = (
				5B6CAEB82B32EA910092C8A4 /* BeatMotion */,
				5B6CAEB72B32EA910092C8A4 /* Products */,
			);
			sourceTree = "<group>";
		};
		5B6CAEB72B32EA910092C8A4 /* Products */ = {
			isa = PBXGroup;
			children = (
				5B6CAEB62B32EA910092C8A4 /* BeatMotion.app */,
			);
			name = Products;
			sourceTree = "<group>";
		};
		5B6CAEB82B32EA910092C8A4 /* BeatMotion */ = {
			isa = PBXGroup;
			children = (
				5B909FD52B45AE2B00D07B58 /* Info.plist */,
				5B909FB02B44B9E500D07B58 /* SpotifyApi */,
				5B909FAF2B44B9C600D07B58 /* ViewModel */,
				5B909FAE2B44B9C000D07B58 /* Model */,
				5B909FAD2B44B9AD00D07B58 /* View */,
				5B6CAEB92B32EA910092C8A4 /* BeatMotionApp.swift */,
				5B6CAEBD2B32EA920092C8A4 /* Assets.xcassets */,
				5B6CAEBF2B32EA920092C8A4 /* Preview Content */,
			);
			path = BeatMotion;
			sourceTree = "<group>";
		};
		5B6CAEBF2B32EA920092C8A4 /* Preview Content */ = {
			isa = PBXGroup;
			children = (
				5B6CAEC02B32EA920092C8A4 /* Preview Assets.xcassets */,
			);
			path = "Preview Content";
			sourceTree = "<group>";
		};
		5B909FAD2B44B9AD00D07B58 /* View */ = {
			isa = PBXGroup;
			children = (
				5B6CAEBB2B32EA910092C8A4 /* ContentView.swift */,
				5B3EB1D32B4C81DF0036C54A /* MenuView.swift */,
				5B3EB1D52B4C83A00036C54A /* DataPresentationView.swift */,
				5B0872FF2B4DD99000C0379B /* OperationIconView.swift */,
			);
			path = View;
			sourceTree = "<group>";
		};
		5B909FAE2B44B9C000D07B58 /* Model */ = {
			isa = PBXGroup;
			children = (
				5B909FB72B44C1C800D07B58 /* ModelBM.swift */,
				85A971192B4AF8D8000AF1E5 /* WorkoutManager.swift */,
			);
			path = Model;
			sourceTree = "<group>";
		};
		5B909FAF2B44B9C600D07B58 /* ViewModel */ = {
			isa = PBXGroup;
			children = (
				5B909FB52B44C15E00D07B58 /* ViewModelBM.swift */,
			);
			path = ViewModel;
			sourceTree = "<group>";
		};
		5B909FB02B44B9E500D07B58 /* SpotifyApi */ = {
			isa = PBXGroup;
			children = (
				5B909FB12B44BA0400D07B58 /* SpotifyAuth.swift */,
				5B3EB1CF2B46FFB90036C54A /* SpotifyApi.swift */,
				5B909FB32B44BBA400D07B58 /* SpotifyConstants.swift */,
				5B3EB1D12B47056A0036C54A /* NetworkError.swift */,
			);
			path = SpotifyApi;
			sourceTree = "<group>";
		};
/* End PBXGroup section */

/* Begin PBXNativeTarget section */
		5B6CAEB52B32EA910092C8A4 /* BeatMotion */ = {
			isa = PBXNativeTarget;
			buildConfigurationList = 5B6CAEC42B32EA920092C8A4 /* Build configuration list for PBXNativeTarget "BeatMotion" */;
			buildPhases = (
				5B6CAEB22B32EA910092C8A4 /* Sources */,
				5B6CAEB32B32EA910092C8A4 /* Frameworks */,
				5B6CAEB42B32EA910092C8A4 /* Resources */,
			);
			buildRules = (
			);
			dependencies = (
			);
			name = BeatMotion;
			productName = BeatMotion;
			productReference = 5B6CAEB62B32EA910092C8A4 /* BeatMotion.app */;
			productType = "com.apple.product-type.application";
		};
/* End PBXNativeTarget section */

/* Begin PBXProject section */
		5B6CAEAE2B32EA910092C8A4 /* Project object */ = {
			isa = PBXProject;
			attributes = {
				BuildIndependentTargetsInParallel = 1;
				LastSwiftUpdateCheck = 1500;
				LastUpgradeCheck = 1500;
				TargetAttributes = {
					5B6CAEB52B32EA910092C8A4 = {
						CreatedOnToolsVersion = 15.0.1;
					};
				};
			};
			buildConfigurationList = 5B6CAEB12B32EA910092C8A4 /* Build configuration list for PBXProject "BeatMotion" */;
			compatibilityVersion = "Xcode 14.0";
			developmentRegion = en;
			hasScannedForEncodings = 0;
			knownRegions = (
				en,
				Base,
			);
			mainGroup = 5B6CAEAD2B32EA910092C8A4;
			productRefGroup = 5B6CAEB72B32EA910092C8A4 /* Products */;
			projectDirPath = "";
			projectRoot = "";
			targets = (
				5B6CAEB52B32EA910092C8A4 /* BeatMotion */,
			);
		};
/* End PBXProject section */

/* Begin PBXResourcesBuildPhase section */
		5B6CAEB42B32EA910092C8A4 /* Resources */ = {
			isa = PBXResourcesBuildPhase;
			buildActionMask = 2147483647;
			files = (
				5B6CAEC12B32EA920092C8A4 /* Preview Assets.xcassets in Resources */,
				5B6CAEBE2B32EA920092C8A4 /* Assets.xcassets in Resources */,
			);
			runOnlyForDeploymentPostprocessing = 0;
		};
/* End PBXResourcesBuildPhase section */

/* Begin PBXSourcesBuildPhase section */
		5B6CAEB22B32EA910092C8A4 /* Sources */ = {
			isa = PBXSourcesBuildPhase;
			buildActionMask = 2147483647;
			files = (
				5B3EB1D02B46FFB90036C54A /* SpotifyApi.swift in Sources */,
				5B3EB1D22B47056A0036C54A /* NetworkError.swift in Sources */,
				5B909FB42B44BBA400D07B58 /* SpotifyConstants.swift in Sources */,
				5B909FB22B44BA0400D07B58 /* SpotifyAuth.swift in Sources */,
				5B3EB1D42B4C81DF0036C54A /* MenuView.swift in Sources */,
				5B909FB62B44C15E00D07B58 /* ViewModelBM.swift in Sources */,
				5B0873002B4DD99000C0379B /* OperationIconView.swift in Sources */,
				5B3EB1D62B4C83A00036C54A /* DataPresentationView.swift in Sources */,
				85A9711A2B4AF8D8000AF1E5 /* WorkoutManager.swift in Sources */,
				5B6CAEBC2B32EA910092C8A4 /* ContentView.swift in Sources */,
				5B909FB82B44C1C800D07B58 /* ModelBM.swift in Sources */,
				5B6CAEBA2B32EA910092C8A4 /* BeatMotionApp.swift in Sources */,
			);
			runOnlyForDeploymentPostprocessing = 0;
		};
/* End PBXSourcesBuildPhase section */

/* Begin XCBuildConfiguration section */
		5B6CAEC22B32EA920092C8A4 /* Debug */ = {
			isa = XCBuildConfiguration;
			buildSettings = {
				ALWAYS_SEARCH_USER_PATHS = NO;
				ASSETCATALOG_COMPILER_GENERATE_SWIFT_ASSET_SYMBOL_EXTENSIONS = YES;
				CLANG_ANALYZER_NONNULL = YES;
				CLANG_ANALYZER_NUMBER_OBJECT_CONVERSION = YES_AGGRESSIVE;
				CLANG_CXX_LANGUAGE_STANDARD = "gnu++20";
				CLANG_ENABLE_MODULES = YES;
				CLANG_ENABLE_OBJC_ARC = YES;
				CLANG_ENABLE_OBJC_WEAK = YES;
				CLANG_WARN_BLOCK_CAPTURE_AUTORELEASING = YES;
				CLANG_WARN_BOOL_CONVERSION = YES;
				CLANG_WARN_COMMA = YES;
				CLANG_WARN_CONSTANT_CONVERSION = YES;
				CLANG_WARN_DEPRECATED_OBJC_IMPLEMENTATIONS = YES;
				CLANG_WARN_DIRECT_OBJC_ISA_USAGE = YES_ERROR;
				CLANG_WARN_DOCUMENTATION_COMMENTS = YES;
				CLANG_WARN_EMPTY_BODY = YES;
				CLANG_WARN_ENUM_CONVERSION = YES;
				CLANG_WARN_INFINITE_RECURSION = YES;
				CLANG_WARN_INT_CONVERSION = YES;
				CLANG_WARN_NON_LITERAL_NULL_CONVERSION = YES;
				CLANG_WARN_OBJC_IMPLICIT_RETAIN_SELF = YES;
				CLANG_WARN_OBJC_LITERAL_CONVERSION = YES;
				CLANG_WARN_OBJC_ROOT_CLASS = YES_ERROR;
				CLANG_WARN_QUOTED_INCLUDE_IN_FRAMEWORK_HEADER = YES;
				CLANG_WARN_RANGE_LOOP_ANALYSIS = YES;
				CLANG_WARN_STRICT_PROTOTYPES = YES;
				CLANG_WARN_SUSPICIOUS_MOVE = YES;
				CLANG_WARN_UNGUARDED_AVAILABILITY = YES_AGGRESSIVE;
				CLANG_WARN_UNREACHABLE_CODE = YES;
				CLANG_WARN__DUPLICATE_METHOD_MATCH = YES;
				COPY_PHASE_STRIP = NO;
				DEBUG_INFORMATION_FORMAT = dwarf;
				ENABLE_STRICT_OBJC_MSGSEND = YES;
				ENABLE_TESTABILITY = YES;
				ENABLE_USER_SCRIPT_SANDBOXING = YES;
				GCC_C_LANGUAGE_STANDARD = gnu17;
				GCC_DYNAMIC_NO_PIC = NO;
				GCC_NO_COMMON_BLOCKS = YES;
				GCC_OPTIMIZATION_LEVEL = 0;
				GCC_PREPROCESSOR_DEFINITIONS = (
					"DEBUG=1",
					"$(inherited)",
				);
				GCC_WARN_64_TO_32_BIT_CONVERSION = YES;
				GCC_WARN_ABOUT_RETURN_TYPE = YES_ERROR;
				GCC_WARN_UNDECLARED_SELECTOR = YES;
				GCC_WARN_UNINITIALIZED_AUTOS = YES_AGGRESSIVE;
				GCC_WARN_UNUSED_FUNCTION = YES;
				GCC_WARN_UNUSED_VARIABLE = YES;
				IPHONEOS_DEPLOYMENT_TARGET = 17.0;
				LOCALIZATION_PREFERS_STRING_CATALOGS = YES;
				MTL_ENABLE_DEBUG_INFO = INCLUDE_SOURCE;
				MTL_FAST_MATH = YES;
				ONLY_ACTIVE_ARCH = YES;
				SDKROOT = iphoneos;
				SWIFT_ACTIVE_COMPILATION_CONDITIONS = "DEBUG $(inherited)";
				SWIFT_OPTIMIZATION_LEVEL = "-Onone";
			};
			name = Debug;
		};
		5B6CAEC32B32EA920092C8A4 /* Release */ = {
			isa = XCBuildConfiguration;
			buildSettings = {
				ALWAYS_SEARCH_USER_PATHS = NO;
				ASSETCATALOG_COMPILER_GENERATE_SWIFT_ASSET_SYMBOL_EXTENSIONS = YES;
				CLANG_ANALYZER_NONNULL = YES;
				CLANG_ANALYZER_NUMBER_OBJECT_CONVERSION = YES_AGGRESSIVE;
				CLANG_CXX_LANGUAGE_STANDARD = "gnu++20";
				CLANG_ENABLE_MODULES = YES;
				CLANG_ENABLE_OBJC_ARC = YES;
				CLANG_ENABLE_OBJC_WEAK = YES;
				CLANG_WARN_BLOCK_CAPTURE_AUTORELEASING = YES;
				CLANG_WARN_BOOL_CONVERSION = YES;
				CLANG_WARN_COMMA = YES;
				CLANG_WARN_CONSTANT_CONVERSION = YES;
				CLANG_WARN_DEPRECATED_OBJC_IMPLEMENTATIONS = YES;
				CLANG_WARN_DIRECT_OBJC_ISA_USAGE = YES_ERROR;
				CLANG_WARN_DOCUMENTATION_COMMENTS = YES;
				CLANG_WARN_EMPTY_BODY = YES;
				CLANG_WARN_ENUM_CONVERSION = YES;
				CLANG_WARN_INFINITE_RECURSION = YES;
				CLANG_WARN_INT_CONVERSION = YES;
				CLANG_WARN_NON_LITERAL_NULL_CONVERSION = YES;
				CLANG_WARN_OBJC_IMPLICIT_RETAIN_SELF = YES;
				CLANG_WARN_OBJC_LITERAL_CONVERSION = YES;
				CLANG_WARN_OBJC_ROOT_CLASS = YES_ERROR;
				CLANG_WARN_QUOTED_INCLUDE_IN_FRAMEWORK_HEADER = YES;
				CLANG_WARN_RANGE_LOOP_ANALYSIS = YES;
				CLANG_WARN_STRICT_PROTOTYPES = YES;
				CLANG_WARN_SUSPICIOUS_MOVE = YES;
				CLANG_WARN_UNGUARDED_AVAILABILITY = YES_AGGRESSIVE;
				CLANG_WARN_UNREACHABLE_CODE = YES;
				CLANG_WARN__DUPLICATE_METHOD_MATCH = YES;
				COPY_PHASE_STRIP = NO;
				DEBUG_INFORMATION_FORMAT = "dwarf-with-dsym";
				ENABLE_NS_ASSERTIONS = NO;
				ENABLE_STRICT_OBJC_MSGSEND = YES;
				ENABLE_USER_SCRIPT_SANDBOXING = YES;
				GCC_C_LANGUAGE_STANDARD = gnu17;
				GCC_NO_COMMON_BLOCKS = YES;
				GCC_WARN_64_TO_32_BIT_CONVERSION = YES;
				GCC_WARN_ABOUT_RETURN_TYPE = YES_ERROR;
				GCC_WARN_UNDECLARED_SELECTOR = YES;
				GCC_WARN_UNINITIALIZED_AUTOS = YES_AGGRESSIVE;
				GCC_WARN_UNUSED_FUNCTION = YES;
				GCC_WARN_UNUSED_VARIABLE = YES;
				IPHONEOS_DEPLOYMENT_TARGET = 17.0;
				LOCALIZATION_PREFERS_STRING_CATALOGS = YES;
				MTL_ENABLE_DEBUG_INFO = NO;
				MTL_FAST_MATH = YES;
				SDKROOT = iphoneos;
				SWIFT_COMPILATION_MODE = wholemodule;
				VALIDATE_PRODUCT = YES;
			};
			name = Release;
		};
		5B6CAEC52B32EA920092C8A4 /* Debug */ = {
			isa = XCBuildConfiguration;
			buildSettings = {
				ASSETCATALOG_COMPILER_APPICON_NAME = AppIcon;
				ASSETCATALOG_COMPILER_GLOBAL_ACCENT_COLOR_NAME = AccentColor;
				CODE_SIGN_ENTITLEMENTS = BeatMotion/BeatMotion.entitlements;
				CODE_SIGN_STYLE = Automatic;
				CURRENT_PROJECT_VERSION = 1;
				DEVELOPMENT_ASSET_PATHS = "\"BeatMotion/Preview Content\"";
				DEVELOPMENT_TEAM = 6XSZZM3G59;
				ENABLE_PREVIEWS = YES;
				GENERATE_INFOPLIST_FILE = YES;
				INFOPLIST_FILE = BeatMotion/Info.plist;
				INFOPLIST_KEY_NSHealthClinicalHealthRecordsShareUsageDescription = "Our app needs to read some health values";
				INFOPLIST_KEY_NSHealthShareUsageDescription = "Our app uses your step count and workout data to provide personalized fitness tracking and recommendations";
				INFOPLIST_KEY_NSHealthUpdateUsageDescription = "Our app needs to write workouts and step count data to your Health app to track your fitness activities and goals.";
				INFOPLIST_KEY_NSMotionUsageDescription = "This app uses motion data to track your steps and physical activity.";
				INFOPLIST_KEY_UIApplicationSceneManifest_Generation = YES;
				INFOPLIST_KEY_UIApplicationSupportsIndirectInputEvents = YES;
				INFOPLIST_KEY_UILaunchScreen_Generation = YES;
				INFOPLIST_KEY_UISupportedInterfaceOrientations_iPad = "UIInterfaceOrientationPortrait UIInterfaceOrientationPortraitUpsideDown UIInterfaceOrientationLandscapeLeft UIInterfaceOrientationLandscapeRight";
				INFOPLIST_KEY_UISupportedInterfaceOrientations_iPhone = "UIInterfaceOrientationPortrait UIInterfaceOrientationLandscapeLeft UIInterfaceOrientationLandscapeRight";
				IPHONEOS_DEPLOYMENT_TARGET = 16.6;
				LD_RUNPATH_SEARCH_PATHS = (
					"$(inherited)",
					"@executable_path/Frameworks",
				);
				MARKETING_VERSION = 1.0;
				PRODUCT_BUNDLE_IDENTIFIER = BeatMotionApp;
				PRODUCT_NAME = "$(TARGET_NAME)";
				SWIFT_EMIT_LOC_STRINGS = YES;
				SWIFT_VERSION = 5.0;
				TARGETED_DEVICE_FAMILY = "1,2";
			};
			name = Debug;
		};
		5B6CAEC62B32EA920092C8A4 /* Release */ = {
			isa = XCBuildConfiguration;
			buildSettings = {
				ASSETCATALOG_COMPILER_APPICON_NAME = AppIcon;
				ASSETCATALOG_COMPILER_GLOBAL_ACCENT_COLOR_NAME = AccentColor;
				CODE_SIGN_ENTITLEMENTS = BeatMotion/BeatMotion.entitlements;
				CODE_SIGN_STYLE = Automatic;
				CURRENT_PROJECT_VERSION = 1;
				DEVELOPMENT_ASSET_PATHS = "\"BeatMotion/Preview Content\"";
				DEVELOPMENT_TEAM = 6XSZZM3G59;
				ENABLE_PREVIEWS = YES;
				GENERATE_INFOPLIST_FILE = YES;
				INFOPLIST_FILE = BeatMotion/Info.plist;
				INFOPLIST_KEY_NSHealthClinicalHealthRecordsShareUsageDescription = "Our app needs to read some health values";
				INFOPLIST_KEY_NSHealthShareUsageDescription = "Our app uses your step count and workout data to provide personalized fitness tracking and recommendations";
				INFOPLIST_KEY_NSHealthUpdateUsageDescription = "Our app needs to write workouts and step count data to your Health app to track your fitness activities and goals.";
				INFOPLIST_KEY_NSMotionUsageDescription = "This app uses motion data to track your steps and physical activity.";
				INFOPLIST_KEY_UIApplicationSceneManifest_Generation = YES;
				INFOPLIST_KEY_UIApplicationSupportsIndirectInputEvents = YES;
				INFOPLIST_KEY_UILaunchScreen_Generation = YES;
				INFOPLIST_KEY_UISupportedInterfaceOrientations_iPad = "UIInterfaceOrientationPortrait UIInterfaceOrientationPortraitUpsideDown UIInterfaceOrientationLandscapeLeft UIInterfaceOrientationLandscapeRight";
				INFOPLIST_KEY_UISupportedInterfaceOrientations_iPhone = "UIInterfaceOrientationPortrait UIInterfaceOrientationLandscapeLeft UIInterfaceOrientationLandscapeRight";
				IPHONEOS_DEPLOYMENT_TARGET = 16.6;
				LD_RUNPATH_SEARCH_PATHS = (
					"$(inherited)",
					"@executable_path/Frameworks",
				);
				MARKETING_VERSION = 1.0;
				PRODUCT_BUNDLE_IDENTIFIER = BeatMotionApp;
				PRODUCT_NAME = "$(TARGET_NAME)";
				SWIFT_EMIT_LOC_STRINGS = YES;
				SWIFT_VERSION = 5.0;
				TARGETED_DEVICE_FAMILY = "1,2";
			};
			name = Release;
		};
/* End XCBuildConfiguration section */

/* Begin XCConfigurationList section */
		5B6CAEB12B32EA910092C8A4 /* Build configuration list for PBXProject "BeatMotion" */ = {
			isa = XCConfigurationList;
			buildConfigurations = (
				5B6CAEC22B32EA920092C8A4 /* Debug */,
				5B6CAEC32B32EA920092C8A4 /* Release */,
			);
			defaultConfigurationIsVisible = 0;
			defaultConfigurationName = Release;
		};
		5B6CAEC42B32EA920092C8A4 /* Build configuration list for PBXNativeTarget "BeatMotion" */ = {
			isa = XCConfigurationList;
			buildConfigurations = (
				5B6CAEC52B32EA920092C8A4 /* Debug */,
				5B6CAEC62B32EA920092C8A4 /* Release */,
			);
			defaultConfigurationIsVisible = 0;
			defaultConfigurationName = Release;
		};
/* End XCConfigurationList section */
	};
	rootObject = 5B6CAEAE2B32EA910092C8A4 /* Project object */;
}
